{
    "version": 3,
    "terraform_version": "0.11.7",
    "serial": 5,
    "lineage": "4348b798-f388-2612-3b14-ea8f3d20ef32",
    "modules": [
        {
            "path": [
                "root"
            ],
            "outputs": {},
            "resources": {
                "aws_instance.example": {
                    "type": "aws_instance",
                    "depends_on": [],
                    "primary": {
                        "id": "i-07610a76256ad917f",
                        "attributes": {
                            "ami": "ami-a523b4dd",
                            "associate_public_ip_address": "true",
                            "availability_zone": "us-west-2a",
                            "disable_api_termination": "false",
                            "ebs_block_device.#": "0",
                            "ebs_optimized": "false",
                            "ephemeral_block_device.#": "0",
                            "get_password_data": "false",
                            "iam_instance_profile": "",
                            "id": "i-07610a76256ad917f",
                            "instance_state": "running",
                            "instance_type": "t2.micro",
                            "ipv6_addresses.#": "0",
                            "key_name": "zoz",
                            "monitoring": "false",
                            "network_interface.#": "0",
                            "network_interface_id": "eni-f441e0d2",
                            "password_data": "",
                            "placement_group": "",
                            "primary_network_interface_id": "eni-f441e0d2",
                            "private_dns": "ip-172-31-25-212.us-west-2.compute.internal",
                            "private_ip": "172.31.25.212",
                            "public_dns": "ec2-35-166-163-91.us-west-2.compute.amazonaws.com",
                            "public_ip": "35.166.163.91",
                            "root_block_device.#": "1",
                            "root_block_device.0.delete_on_termination": "true",
                            "root_block_device.0.iops": "100",
                            "root_block_device.0.volume_id": "vol-008b9c206e3baf464",
                            "root_block_device.0.volume_size": "8",
                            "root_block_device.0.volume_type": "gp2",
                            "security_groups.#": "1",
                            "security_groups.3814588639": "default",
                            "source_dest_check": "true",
                            "subnet_id": "subnet-e0d50c86",
                            "tags.%": "1",
                            "tags.Name": "terraform-instance",
                            "tenancy": "default",
                            "volume_tags.%": "0",
                            "vpc_security_group_ids.#": "1",
                            "vpc_security_group_ids.3424010390": "sg-1d201267"
                        },
                        "meta": {
                            "e2bfb730-ecaa-11e6-8f88-34363bc7c4c0": {
                                "create": 600000000000,
                                "delete": 1200000000000,
                                "update": 600000000000
                            },
                            "schema_version": "1"
                        },
                        "tainted": false
                    },
                    "deposed": [],
                    "provider": "provider.aws"
                }
            },
            "depends_on": []
        }
    ]
}
